
Microsoft Visual Studio Solution File, Format Version 12.00
# Visual Studio Version 17
VisualStudioVersion = 17.5.33516.290
MinimumVisualStudioVersion = 10.0.40219.1
Project("{FAE04EC0-301F-11D3-BF4B-00C04F79EFBC}") = "AcrylicView", "AcrylicView\AcrylicView.csproj", "{184C029F-790B-4AB0-A8D8-CF4E76A05BA8}"
EndProject
Project("{FAE04EC0-301F-11D3-BF4B-00C04F79EFBC}") = "AcrylicView.Samples", "AcrylicView.Samples\AcrylicView.Samples.csproj", "{F74AF881-CAB6-4B7C-B2C4-6A99F5A96CE7}"
EndProject
Global
	GlobalSection(SolutionConfigurationPlatforms) = preSolution
		Debug|Any CPU = Debug|Any CPU
		Release|Any CPU = Release|Any CPU
	EndGlobalSection
	GlobalSection(ProjectConfigurationPlatforms) = postSolution
		{184C029F-790B-4AB0-A8D8-CF4E76A05BA8}.Debug|Any CPU.ActiveCfg = Debug|Any CPU
		{184C029F-790B-4AB0-A8D8-CF4E76A05BA8}.Debug|Any CPU.Build.0 = Debug|Any CPU
		{184C029F-790B-4AB0-A8D8-CF4E76A05BA8}.Release|Any CPU.ActiveCfg = Release|Any CPU
		{184C029F-790B-4AB0-A8D8-CF4E76A05BA8}.Release|Any CPU.Build.0 = Release|Any CPU
		{F74AF881-CAB6-4B7C-B2C4-6A99F5A96CE7}.Debug|Any CPU.ActiveCfg = Debug|Any CPU
		{F74AF881-CAB6-4B7C-B2C4-6A99F5A96CE7}.Debug|Any CPU.Build.0 = Debug|Any CPU
		{F74AF881-CAB6-4B7C-B2C4-6A99F5A96CE7}.Debug|Any CPU.Deploy.0 = Debug|Any CPU
		{F74AF881-CAB6-4B7C-B2C4-6A99F5A96CE7}.Release|Any CPU.ActiveCfg = Release|Any CPU
		{F74AF881-CAB6-4B7C-B2C4-6A99F5A96CE7}.Release|Any CPU.Build.0 = Release|Any CPU
		{F74AF881-CAB6-4B7C-B2C4-6A99F5A96CE7}.Release|Any CPU.Deploy.0 = Release|Any CPU
	EndGlobalSection
	GlobalSection(SolutionProperties) = preSolution
		HideSolutionNode = FALSE
	EndGlobalSection
	GlobalSection(ExtensibilityGlobals) = postSolution
		SolutionGuid = {27591C52-C289-4F86-971C-5C0058FC6A22}
	EndGlobalSection
EndGlobal
